
Microsoft Visual Studio Solution File, Format Version 12.00
# Visual Studio Version 17
VisualStudioVersion = 17.14.36414.22 d17.14
MinimumVisualStudioVersion = 10.0.40219.1
Project("{FAE04EC0-301F-11D3-BF4B-00C04F79EFBC}") = "BusquedaLibros", "BusquedaLibros\BusquedaLibros.csproj", "{8B21396D-D453-48EF-9B22-76B1F53FC86E}"
EndProject
Global
	GlobalSection(SolutionConfigurationPlatforms) = preSolution
		Debug|Any CPU = Debug|Any CPU
		Release|Any CPU = Release|Any CPU
	EndGlobalSection
	GlobalSection(ProjectConfigurationPlatforms) = postSolution
		{8B21396D-D453-48EF-9B22-76B1F53FC86E}.Debug|Any CPU.ActiveCfg = Debug|Any CPU
		{8B21396D-D453-48EF-9B22-76B1F53FC86E}.Debug|Any CPU.Build.0 = Debug|Any CPU
		{8B21396D-D453-48EF-9B22-76B1F53FC86E}.Release|Any CPU.ActiveCfg = Release|Any CPU
		{8B21396D-D453-48EF-9B22-76B1F53FC86E}.Release|Any CPU.Build.0 = Release|Any CPU
	EndGlobalSection
	GlobalSection(SolutionProperties) = preSolution
		HideSolutionNode = FALSE
	EndGlobalSection
	GlobalSection(ExtensibilityGlobals) = postSolution
		SolutionGuid = {D8E3BC2D-A091-4C43-8E02-F7FCE450357C}
	EndGlobalSection
EndGlobal
